
Microsoft Visual Studio Solution File, Format Version 12.00
# Visual Studio 15
VisualStudioVersion = 15.0.27130.2024
MinimumVisualStudioVersion = 10.0.40219.1
Project("{FAE04EC0-301F-11D3-BF4B-00C04F79EFBC}") = "IT 1050 Lab 5", "IT 1050 Lab 5\IT 1050 Lab 5.csproj", "{AD1438BB-059D-4329-A615-0BFAE4DF9D44}"
EndProject
Global
	GlobalSection(SolutionConfigurationPlatforms) = preSolution
		Debug|Any CPU = Debug|Any CPU
		Release|Any CPU = Release|Any CPU
	EndGlobalSection
	GlobalSection(ProjectConfigurationPlatforms) = postSolution
		{AD1438BB-059D-4329-A615-0BFAE4DF9D44}.Debug|Any CPU.ActiveCfg = Debug|Any CPU
		{AD1438BB-059D-4329-A615-0BFAE4DF9D44}.Debug|Any CPU.Build.0 = Debug|Any CPU
		{AD1438BB-059D-4329-A615-0BFAE4DF9D44}.Release|Any CPU.ActiveCfg = Release|Any CPU
		{AD1438BB-059D-4329-A615-0BFAE4DF9D44}.Release|Any CPU.Build.0 = Release|Any CPU
	EndGlobalSection
	GlobalSection(SolutionProperties) = preSolution
		HideSolutionNode = FALSE
	EndGlobalSection
	GlobalSection(ExtensibilityGlobals) = postSolution
		SolutionGuid = {18E097A6-0F52-4879-BBA7-2BA0BE85F1D5}
	EndGlobalSection
EndGlobal
